Microsoft Visual Studio Solution File, Format Version 12.00
# Visual Studio Version 17
VisualStudioVersion = 17.5.2.0
MinimumVisualStudioVersion = 10.0.40219.1
Project("{FAE04EC0-301F-11D3-BF4B-00C04F79EFBC}") = "durable-agents-quickstart-dotnet", "durable-agents-quickstart-dotnet.csproj", "{F4AFBEE9-B718-8A10-4C23-47FA25B082F3}"
EndProject
Global
	GlobalSection(SolutionConfigurationPlatforms) = preSolution
		Debug|Any CPU = Debug|Any CPU
		Release|Any CPU = Release|Any CPU
	EndGlobalSection
	GlobalSection(ProjectConfigurationPlatforms) = postSolution
		{F4AFBEE9-B718-8A10-4C23-47FA25B082F3}.Debug|Any CPU.ActiveCfg = Debug|Any CPU
		{F4AFBEE9-B718-8A10-4C23-47FA25B082F3}.Debug|Any CPU.Build.0 = Debug|Any CPU
		{F4AFBEE9-B718-8A10-4C23-47FA25B082F3}.Release|Any CPU.ActiveCfg = Release|Any CPU
		{F4AFBEE9-B718-8A10-4C23-47FA25B082F3}.Release|Any CPU.Build.0 = Release|Any CPU
	EndGlobalSection
	GlobalSection(SolutionProperties) = preSolution
		HideSolutionNode = FALSE
	EndGlobalSection
	GlobalSection(ExtensibilityGlobals) = postSolution
		SolutionGuid = {6B644D91-2837-42C3-AAAC-E6427CA25DB7}
	EndGlobalSection
EndGlobal
